
Microsoft Visual Studio Solution File, Format Version 12.00
# Visual Studio 15
VisualStudioVersion = 15.0.26430.12
MinimumVisualStudioVersion = 10.0.40219.1
Project("{FAE04EC0-301F-11D3-BF4B-00C04F79EFBC}") = "DAL", "DAL\DAL.csproj", "{C6693AE0-E961-43B2-9B84-E4DDE12A373E}"
EndProject
Project("{FAE04EC0-301F-11D3-BF4B-00C04F79EFBC}") = "SAL", "SAL\SAL.csproj", "{953FF639-59F0-4499-810C-81C28862CFAB}"
EndProject
Project("{FAE04EC0-301F-11D3-BF4B-00C04F79EFBC}") = "BLL", "BLL\BLL.csproj", "{CF982C36-AD85-4A9E-AB22-9BBA18C9EE2A}"
EndProject
Project("{FAE04EC0-301F-11D3-BF4B-00C04F79EFBC}") = "AndroidApp", "AndroidApp\AndroidApp.csproj", "{9CA454AD-59C6-45D6-B96E-9707C1005EFA}"
EndProject
Project("{FAE04EC0-301F-11D3-BF4B-00C04F79EFBC}") = "iOSApp", "iOSApp\iOSApp.csproj", "{F60248DC-ECE6-4798-A19D-C27F897DB93C}"
EndProject
Global
	GlobalSection(SolutionConfigurationPlatforms) = preSolution
		Ad-Hoc|Any CPU = Ad-Hoc|Any CPU
		Ad-Hoc|iPhone = Ad-Hoc|iPhone
		Ad-Hoc|iPhoneSimulator = Ad-Hoc|iPhoneSimulator
		AppStore|Any CPU = AppStore|Any CPU
		AppStore|iPhone = AppStore|iPhone
		AppStore|iPhoneSimulator = AppStore|iPhoneSimulator
		Debug|Any CPU = Debug|Any CPU
		Debug|iPhone = Debug|iPhone
		Debug|iPhoneSimulator = Debug|iPhoneSimulator
		Release|Any CPU = Release|Any CPU
		Release|iPhone = Release|iPhone
		Release|iPhoneSimulator = Release|iPhoneSimulator
	EndGlobalSection
	GlobalSection(ProjectConfigurationPlatforms) = postSolution
		{C6693AE0-E961-43B2-9B84-E4DDE12A373E}.Ad-Hoc|Any CPU.ActiveCfg = Debug|Any CPU
		{C6693AE0-E961-43B2-9B84-E4DDE12A373E}.Ad-Hoc|Any CPU.Build.0 = Debug|Any CPU
		{C6693AE0-E961-43B2-9B84-E4DDE12A373E}.Ad-Hoc|iPhone.ActiveCfg = Debug|Any CPU
		{C6693AE0-E961-43B2-9B84-E4DDE12A373E}.Ad-Hoc|iPhone.Build.0 = Debug|Any CPU
		{C6693AE0-E961-43B2-9B84-E4DDE12A373E}.Ad-Hoc|iPhoneSimulator.ActiveCfg = Debug|Any CPU
		{C6693AE0-E961-43B2-9B84-E4DDE12A373E}.Ad-Hoc|iPhoneSimulator.Build.0 = Debug|Any CPU
		{C6693AE0-E961-43B2-9B84-E4DDE12A373E}.AppStore|Any CPU.ActiveCfg = Debug|Any CPU
		{C6693AE0-E961-43B2-9B84-E4DDE12A373E}.AppStore|Any CPU.Build.0 = Debug|Any CPU
		{C6693AE0-E961-43B2-9B84-E4DDE12A373E}.AppStore|iPhone.ActiveCfg = Debug|Any CPU
		{C6693AE0-E961-43B2-9B84-E4DDE12A373E}.AppStore|iPhone.Build.0 = Debug|Any CPU
		{C6693AE0-E961-43B2-9B84-E4DDE12A373E}.AppStore|iPhoneSimulator.ActiveCfg = Debug|Any CPU
		{C6693AE0-E961-43B2-9B84-E4DDE12A373E}.AppStore|iPhoneSimulator.Build.0 = Debug|Any CPU
		{C6693AE0-E961-43B2-9B84-E4DDE12A373E}.Debug|Any CPU.ActiveCfg = Debug|Any CPU
		{C6693AE0-E961-43B2-9B84-E4DDE12A373E}.Debug|Any CPU.Build.0 = Debug|Any CPU
		{C6693AE0-E961-43B2-9B84-E4DDE12A373E}.Debug|iPhone.ActiveCfg = Debug|Any CPU
		{C6693AE0-E961-43B2-9B84-E4DDE12A373E}.Debug|iPhone.Build.0 = Debug|Any CPU
		{C6693AE0-E961-43B2-9B84-E4DDE12A373E}.Debug|iPhoneSimulator.ActiveCfg = Debug|Any CPU
		{C6693AE0-E961-43B2-9B84-E4DDE12A373E}.Debug|iPhoneSimulator.Build.0 = Debug|Any CPU
		{C6693AE0-E961-43B2-9B84-E4DDE12A373E}.Release|Any CPU.ActiveCfg = Release|Any CPU
		{C6693AE0-E961-43B2-9B84-E4DDE12A373E}.Release|Any CPU.Build.0 = Release|Any CPU
		{C6693AE0-E961-43B2-9B84-E4DDE12A373E}.Release|iPhone.ActiveCfg = Release|Any CPU
		{C6693AE0-E961-43B2-9B84-E4DDE12A373E}.Release|iPhone.Build.0 = Release|Any CPU
		{C6693AE0-E961-43B2-9B84-E4DDE12A373E}.Release|iPhoneSimulator.ActiveCfg = Release|Any CPU
		{C6693AE0-E961-43B2-9B84-E4DDE12A373E}.Release|iPhoneSimulator.Build.0 = Release|Any CPU
		{953FF639-59F0-4499-810C-81C28862CFAB}.Ad-Hoc|Any CPU.ActiveCfg = Debug|Any CPU
		{953FF639-59F0-4499-810C-81C28862CFAB}.Ad-Hoc|Any CPU.Build.0 = Debug|Any CPU
		{953FF639-59F0-4499-810C-81C28862CFAB}.Ad-Hoc|iPhone.ActiveCfg = Debug|Any CPU
		{953FF639-59F0-4499-810C-81C28862CFAB}.Ad-Hoc|iPhone.Build.0 = Debug|Any CPU
		{953FF639-59F0-4499-810C-81C28862CFAB}.Ad-Hoc|iPhoneSimulator.ActiveCfg = Debug|Any CPU
		{953FF639-59F0-4499-810C-81C28862CFAB}.Ad-Hoc|iPhoneSimulator.Build.0 = Debug|Any CPU
		{953FF639-59F0-4499-810C-81C28862CFAB}.AppStore|Any CPU.ActiveCfg = Debug|Any CPU
		{953FF639-59F0-4499-810C-81C28862CFAB}.AppStore|Any CPU.Build.0 = Debug|Any CPU
		{953FF639-59F0-4499-810C-81C28862CFAB}.AppStore|iPhone.ActiveCfg = Debug|Any CPU
		{953FF639-59F0-4499-810C-81C28862CFAB}.AppStore|iPhone.Build.0 = Debug|Any CPU
		{953FF639-59F0-4499-810C-81C28862CFAB}.AppStore|iPhoneSimulator.ActiveCfg = Debug|Any CPU
		{953FF639-59F0-4499-810C-81C28862CFAB}.AppStore|iPhoneSimulator.Build.0 = Debug|Any CPU
		{953FF639-59F0-4499-810C-81C28862CFAB}.Debug|Any CPU.ActiveCfg = Debug|Any CPU
		{953FF639-59F0-4499-810C-81C28862CFAB}.Debug|Any CPU.Build.0 = Debug|Any CPU
		{953FF639-59F0-4499-810C-81C28862CFAB}.Debug|iPhone.ActiveCfg = Debug|Any CPU
		{953FF639-59F0-4499-810C-81C28862CFAB}.Debug|iPhone.Build.0 = Debug|Any CPU
		{953FF639-59F0-4499-810C-81C28862CFAB}.Debug|iPhoneSimulator.ActiveCfg = Debug|Any CPU
		{953FF639-59F0-4499-810C-81C28862CFAB}.Debug|iPhoneSimulator.Build.0 = Debug|Any CPU
		{953FF639-59F0-4499-810C-81C28862CFAB}.Release|Any CPU.ActiveCfg = Release|Any CPU
		{953FF639-59F0-4499-810C-81C28862CFAB}.Release|Any CPU.Build.0 = Release|Any CPU
		{953FF639-59F0-4499-810C-81C28862CFAB}.Release|iPhone.ActiveCfg = Release|Any CPU
		{953FF639-59F0-4499-810C-81C28862CFAB}.Release|iPhone.Build.0 = Release|Any CPU
		{953FF639-59F0-4499-810C-81C28862CFAB}.Release|iPhoneSimulator.ActiveCfg = Release|Any CPU
		{953FF639-59F0-4499-810C-81C28862CFAB}.Release|iPhoneSimulator.Build.0 = Release|Any CPU
		{CF982C36-AD85-4A9E-AB22-9BBA18C9EE2A}.Ad-Hoc|Any CPU.ActiveCfg = Debug|Any CPU
		{CF982C36-AD85-4A9E-AB22-9BBA18C9EE2A}.Ad-Hoc|Any CPU.Build.0 = Debug|Any CPU
		{CF982C36-AD85-4A9E-AB22-9BBA18C9EE2A}.Ad-Hoc|iPhone.ActiveCfg = Debug|Any CPU
		{CF982C36-AD85-4A9E-AB22-9BBA18C9EE2A}.Ad-Hoc|iPhone.Build.0 = Debug|Any CPU
		{CF982C36-AD85-4A9E-AB22-9BBA18C9EE2A}.Ad-Hoc|iPhoneSimulator.ActiveCfg = Debug|Any CPU
		{CF982C36-AD85-4A9E-AB22-9BBA18C9EE2A}.Ad-Hoc|iPhoneSimulator.Build.0 = Debug|Any CPU
		{CF982C36-AD85-4A9E-AB22-9BBA18C9EE2A}.AppStore|Any CPU.ActiveCfg = Debug|Any CPU
		{CF982C36-AD85-4A9E-AB22-9BBA18C9EE2A}.AppStore|Any CPU.Build.0 = Debug|Any CPU
		{CF982C36-AD85-4A9E-AB22-9BBA18C9EE2A}.AppStore|iPhone.ActiveCfg = Debug|Any CPU
		{CF982C36-AD85-4A9E-AB22-9BBA18C9EE2A}.AppStore|iPhone.Build.0 = Debug|Any CPU
		{CF982C36-AD85-4A9E-AB22-9BBA18C9EE2A}.AppStore|iPhoneSimulator.ActiveCfg = Debug|Any CPU
		{CF982C36-AD85-4A9E-AB22-9BBA18C9EE2A}.AppStore|iPhoneSimulator.Build.0 = Debug|Any CPU
		{CF982C36-AD85-4A9E-AB22-9BBA18C9EE2A}.Debug|Any CPU.ActiveCfg = Debug|Any CPU
		{CF982C36-AD85-4A9E-AB22-9BBA18C9EE2A}.Debug|Any CPU.Build.0 = Debug|Any CPU
		{CF982C36-AD85-4A9E-AB22-9BBA18C9EE2A}.Debug|iPhone.ActiveCfg = Debug|Any CPU
		{CF982C36-AD85-4A9E-AB22-9BBA18C9EE2A}.Debug|iPhone.Build.0 = Debug|Any CPU
		{CF982C36-AD85-4A9E-AB22-9BBA18C9EE2A}.Debug|iPhoneSimulator.ActiveCfg = Debug|Any CPU
		{CF982C36-AD85-4A9E-AB22-9BBA18C9EE2A}.Debug|iPhoneSimulator.Build.0 = Debug|Any CPU
		{CF982C36-AD85-4A9E-AB22-9BBA18C9EE2A}.Release|Any CPU.ActiveCfg = Release|Any CPU
		{CF982C36-AD85-4A9E-AB22-9BBA18C9EE2A}.Release|Any CPU.Build.0 = Release|Any CPU
		{CF982C36-AD85-4A9E-AB22-9BBA18C9EE2A}.Release|iPhone.ActiveCfg = Release|Any CPU
		{CF982C36-AD85-4A9E-AB22-9BBA18C9EE2A}.Release|iPhone.Build.0 = Release|Any CPU
		{CF982C36-AD85-4A9E-AB22-9BBA18C9EE2A}.Release|iPhoneSimulator.ActiveCfg = Release|Any CPU
		{CF982C36-AD85-4A9E-AB22-9BBA18C9EE2A}.Release|iPhoneSimulator.Build.0 = Release|Any CPU
		{9CA454AD-59C6-45D6-B96E-9707C1005EFA}.Ad-Hoc|Any CPU.ActiveCfg = Release|Any CPU
		{9CA454AD-59C6-45D6-B96E-9707C1005EFA}.Ad-Hoc|Any CPU.Build.0 = Release|Any CPU
		{9CA454AD-59C6-45D6-B96E-9707C1005EFA}.Ad-Hoc|Any CPU.Deploy.0 = Release|Any CPU
		{9CA454AD-59C6-45D6-B96E-9707C1005EFA}.Ad-Hoc|iPhone.ActiveCfg = Release|Any CPU
		{9CA454AD-59C6-45D6-B96E-9707C1005EFA}.Ad-Hoc|iPhone.Build.0 = Release|Any CPU
		{9CA454AD-59C6-45D6-B96E-9707C1005EFA}.Ad-Hoc|iPhone.Deploy.0 = Release|Any CPU
		{9CA454AD-59C6-45D6-B96E-9707C1005EFA}.Ad-Hoc|iPhoneSimulator.ActiveCfg = Release|Any CPU
		{9CA454AD-59C6-45D6-B96E-9707C1005EFA}.Ad-Hoc|iPhoneSimulator.Build.0 = Release|Any CPU
		{9CA454AD-59C6-45D6-B96E-9707C1005EFA}.Ad-Hoc|iPhoneSimulator.Deploy.0 = Release|Any CPU
		{9CA454AD-59C6-45D6-B96E-9707C1005EFA}.AppStore|Any CPU.ActiveCfg = Release|Any CPU
		{9CA454AD-59C6-45D6-B96E-9707C1005EFA}.AppStore|Any CPU.Build.0 = Release|Any CPU
		{9CA454AD-59C6-45D6-B96E-9707C1005EFA}.AppStore|Any CPU.Deploy.0 = Release|Any CPU
		{9CA454AD-59C6-45D6-B96E-9707C1005EFA}.AppStore|iPhone.ActiveCfg = Release|Any CPU
		{9CA454AD-59C6-45D6-B96E-9707C1005EFA}.AppStore|iPhone.Build.0 = Release|Any CPU
		{9CA454AD-59C6-45D6-B96E-9707C1005EFA}.AppStore|iPhone.Deploy.0 = Release|Any CPU
		{9CA454AD-59C6-45D6-B96E-9707C1005EFA}.AppStore|iPhoneSimulator.ActiveCfg = Release|Any CPU
		{9CA454AD-59C6-45D6-B96E-9707C1005EFA}.AppStore|iPhoneSimulator.Build.0 = Release|Any CPU
		{9CA454AD-59C6-45D6-B96E-9707C1005EFA}.AppStore|iPhoneSimulator.Deploy.0 = Release|Any CPU
		{9CA454AD-59C6-45D6-B96E-9707C1005EFA}.Debug|Any CPU.ActiveCfg = Debug|Any CPU
		{9CA454AD-59C6-45D6-B96E-9707C1005EFA}.Debug|Any CPU.Build.0 = Debug|Any CPU
		{9CA454AD-59C6-45D6-B96E-9707C1005EFA}.Debug|Any CPU.Deploy.0 = Debug|Any CPU
		{9CA454AD-59C6-45D6-B96E-9707C1005EFA}.Debug|iPhone.ActiveCfg = Debug|Any CPU
		{9CA454AD-59C6-45D6-B96E-9707C1005EFA}.Debug|iPhone.Build.0 = Debug|Any CPU
		{9CA454AD-59C6-45D6-B96E-9707C1005EFA}.Debug|iPhone.Deploy.0 = Debug|Any CPU
		{9CA454AD-59C6-45D6-B96E-9707C1005EFA}.Debug|iPhoneSimulator.ActiveCfg = Debug|Any CPU
		{9CA454AD-59C6-45D6-B96E-9707C1005EFA}.Debug|iPhoneSimulator.Build.0 = Debug|Any CPU
		{9CA454AD-59C6-45D6-B96E-9707C1005EFA}.Debug|iPhoneSimulator.Deploy.0 = Debug|Any CPU
		{9CA454AD-59C6-45D6-B96E-9707C1005EFA}.Release|Any CPU.ActiveCfg = Release|Any CPU
		{9CA454AD-59C6-45D6-B96E-9707C1005EFA}.Release|Any CPU.Build.0 = Release|Any CPU
		{9CA454AD-59C6-45D6-B96E-9707C1005EFA}.Release|Any CPU.Deploy.0 = Release|Any CPU
		{9CA454AD-59C6-45D6-B96E-9707C1005EFA}.Release|iPhone.ActiveCfg = Release|Any CPU
		{9CA454AD-59C6-45D6-B96E-9707C1005EFA}.Release|iPhone.Build.0 = Release|Any CPU
		{9CA454AD-59C6-45D6-B96E-9707C1005EFA}.Release|iPhone.Deploy.0 = Release|Any CPU
		{9CA454AD-59C6-45D6-B96E-9707C1005EFA}.Release|iPhoneSimulator.ActiveCfg = Release|Any CPU
		{9CA454AD-59C6-45D6-B96E-9707C1005EFA}.Release|iPhoneSimulator.Build.0 = Release|Any CPU
		{9CA454AD-59C6-45D6-B96E-9707C1005EFA}.Release|iPhoneSimulator.Deploy.0 = Release|Any CPU
		{F60248DC-ECE6-4798-A19D-C27F897DB93C}.Ad-Hoc|Any CPU.ActiveCfg = Ad-Hoc|iPhone
		{F60248DC-ECE6-4798-A19D-C27F897DB93C}.Ad-Hoc|iPhone.ActiveCfg = Ad-Hoc|iPhone
		{F60248DC-ECE6-4798-A19D-C27F897DB93C}.Ad-Hoc|iPhone.Build.0 = Ad-Hoc|iPhone
		{F60248DC-ECE6-4798-A19D-C27F897DB93C}.Ad-Hoc|iPhoneSimulator.ActiveCfg = Ad-Hoc|iPhoneSimulator
		{F60248DC-ECE6-4798-A19D-C27F897DB93C}.Ad-Hoc|iPhoneSimulator.Build.0 = Ad-Hoc|iPhoneSimulator
		{F60248DC-ECE6-4798-A19D-C27F897DB93C}.AppStore|Any CPU.ActiveCfg = AppStore|iPhone
		{F60248DC-ECE6-4798-A19D-C27F897DB93C}.AppStore|iPhone.ActiveCfg = AppStore|iPhone
		{F60248DC-ECE6-4798-A19D-C27F897DB93C}.AppStore|iPhone.Build.0 = AppStore|iPhone
		{F60248DC-ECE6-4798-A19D-C27F897DB93C}.AppStore|iPhoneSimulator.ActiveCfg = AppStore|iPhoneSimulator
		{F60248DC-ECE6-4798-A19D-C27F897DB93C}.AppStore|iPhoneSimulator.Build.0 = AppStore|iPhoneSimulator
		{F60248DC-ECE6-4798-A19D-C27F897DB93C}.Debug|Any CPU.ActiveCfg = Debug|iPhone
		{F60248DC-ECE6-4798-A19D-C27F897DB93C}.Debug|iPhone.ActiveCfg = Debug|iPhone
		{F60248DC-ECE6-4798-A19D-C27F897DB93C}.Debug|iPhone.Build.0 = Debug|iPhone
		{F60248DC-ECE6-4798-A19D-C27F897DB93C}.Debug|iPhoneSimulator.ActiveCfg = Debug|iPhoneSimulator
		{F60248DC-ECE6-4798-A19D-C27F897DB93C}.Debug|iPhoneSimulator.Build.0 = Debug|iPhoneSimulator
		{F60248DC-ECE6-4798-A19D-C27F897DB93C}.Release|Any CPU.ActiveCfg = Release|iPhone
		{F60248DC-ECE6-4798-A19D-C27F897DB93C}.Release|iPhone.ActiveCfg = Release|iPhone
		{F60248DC-ECE6-4798-A19D-C27F897DB93C}.Release|iPhone.Build.0 = Release|iPhone
		{F60248DC-ECE6-4798-A19D-C27F897DB93C}.Release|iPhoneSimulator.ActiveCfg = Release|iPhoneSimulator
		{F60248DC-ECE6-4798-A19D-C27F897DB93C}.Release|iPhoneSimulator.Build.0 = Release|iPhoneSimulator
	EndGlobalSection
	GlobalSection(SolutionProperties) = preSolution
		HideSolutionNode = FALSE
	EndGlobalSection
EndGlobal
